{
  "name": "kfx",
  "version": "unspecified",
  "lockfileVersion": 3,
  "requires": true,
  "packages": {
    "": {
      "name": "kfx",
      "version": "unspecified",
      "workspaces": [
        "packages/kfx-ktor-server-runtime",
        "packages/kfx-ktor-server-runtime-test",
        "packages/kfx-ktor-server-soap-plugin",
        "packages/kfx-ktor-server-soap-plugin-test",
        "packages/kfx-oauth2-runtime",
        "packages/kfx-oauth2-runtime-test",
        "packages/kfx-soap-runtime",
        "packages/kfx-soap-runtime-test"
      ],
      "devDependencies": {}
    },
    "node_modules/kfx-ktor-server-runtime": {
      "resolved": "packages/kfx-ktor-server-runtime",
      "link": true
    },
    "node_modules/kfx-ktor-server-runtime-test": {
      "resolved": "packages/kfx-ktor-server-runtime-test",
      "link": true
    },
    "node_modules/kfx-ktor-server-soap-plugin": {
      "resolved": "packages/kfx-ktor-server-soap-plugin",
      "link": true
    },
    "node_modules/kfx-ktor-server-soap-plugin-test": {
      "resolved": "packages/kfx-ktor-server-soap-plugin-test",
      "link": true
    },
    "node_modules/kfx-oauth2-runtime": {
      "resolved": "packages/kfx-oauth2-runtime",
      "link": true
    },
    "node_modules/kfx-oauth2-runtime-test": {
      "resolved": "packages/kfx-oauth2-runtime-test",
      "link": true
    },
    "node_modules/kfx-soap-runtime": {
      "resolved": "packages/kfx-soap-runtime",
      "link": true
    },
    "node_modules/kfx-soap-runtime-test": {
      "resolved": "packages/kfx-soap-runtime-test",
      "link": true
    },
    "packages/kfx-ktor-server-runtime": {
      "version": "0.0.0-unspecified",
      "devDependencies": {}
    },
    "packages/kfx-ktor-server-runtime-test": {
      "version": "0.0.0-unspecified",
      "devDependencies": {}
    },
    "packages/kfx-ktor-server-soap-plugin": {
      "version": "0.0.0-unspecified",
      "devDependencies": {}
    },
    "packages/kfx-ktor-server-soap-plugin-test": {
      "version": "0.0.0-unspecified",
      "devDependencies": {}
    },
    "packages/kfx-oauth2-runtime": {
      "version": "0.0.0-unspecified",
      "devDependencies": {}
    },
    "packages/kfx-oauth2-runtime-test": {
      "version": "0.0.0-unspecified",
      "devDependencies": {}
    },
    "packages/kfx-soap-runtime": {
      "version": "0.0.0-unspecified",
      "devDependencies": {}
    },
    "packages/kfx-soap-runtime-test": {
      "version": "0.0.0-unspecified",
      "devDependencies": {}
    }
  }
}
