{
  "name": "kfx",
  "version": "unspecified",
  "lockfileVersion": 3,
  "requires": true,
  "packages": {
    "": {
      "name": "kfx",
      "version": "unspecified",
      "workspaces": [
        "packages/kfx-ktor-server-runtime",
        "packages/kfx-ktor-server-runtime-test",
        "packages/kfx-ktor-server-soap-plugin",
        "packages/kfx-ktor-server-soap-plugin-test",
        "packages/kfx-oauth2-runtime",
        "packages/kfx-oauth2-runtime-test",
        "packages/kfx-soap-runtime",
        "packages/kfx-soap-runtime-test",
        "packages_imported/Kotlin-DateTime-library-kotlinx-datetime-wasm-js/0.6.2"
      ],
      "devDependencies": {}
    },
    "node_modules/@js-joda/core": {
      "version": "3.2.0",
      "resolved": "https://registry.npmjs.org/@js-joda/core/-/core-3.2.0.tgz",
      "integrity": "sha512-PMqgJ0sw5B7FKb2d5bWYIoxjri+QlW/Pys7+Rw82jSH0QN3rB05jZ/VrrsUdh1w4+i2kw9JOejXGq/KhDOX7Kg=="
    },
    "node_modules/format-util": {
      "version": "1.0.5",
      "resolved": "https://registry.npmjs.org/format-util/-/format-util-1.0.5.tgz",
      "integrity": "sha512-varLbTj0e0yVyRpqQhuWV+8hlePAgaoFRhNFj50BNjEIrw1/DphHSObtqwskVCPWNgzwPoQrZAbfa/SBiicNeg=="
    },
    "node_modules/kfx-ktor-server-runtime": {
      "resolved": "packages/kfx-ktor-server-runtime",
      "link": true
    },
    "node_modules/kfx-ktor-server-runtime-test": {
      "resolved": "packages/kfx-ktor-server-runtime-test",
      "link": true
    },
    "node_modules/kfx-ktor-server-soap-plugin": {
      "resolved": "packages/kfx-ktor-server-soap-plugin",
      "link": true
    },
    "node_modules/kfx-ktor-server-soap-plugin-test": {
      "resolved": "packages/kfx-ktor-server-soap-plugin-test",
      "link": true
    },
    "node_modules/kfx-oauth2-runtime": {
      "resolved": "packages/kfx-oauth2-runtime",
      "link": true
    },
    "node_modules/kfx-oauth2-runtime-test": {
      "resolved": "packages/kfx-oauth2-runtime-test",
      "link": true
    },
    "node_modules/kfx-soap-runtime": {
      "resolved": "packages/kfx-soap-runtime",
      "link": true
    },
    "node_modules/kfx-soap-runtime-test": {
      "resolved": "packages/kfx-soap-runtime-test",
      "link": true
    },
    "node_modules/Kotlin-DateTime-library-kotlinx-datetime-wasm-js": {
      "resolved": "packages_imported/Kotlin-DateTime-library-kotlinx-datetime-wasm-js/0.6.2",
      "link": true
    },
    "packages_imported/Kotlin-DateTime-library-kotlinx-datetime-wasm-js/0.6.2": {
      "name": "Kotlin-DateTime-library-kotlinx-datetime-wasm-js",
      "version": "0.6.2",
      "dependencies": {
        "@js-joda/core": "3.2.0",
        "format-util": "^1.0.5"
      },
      "devDependencies": {}
    },
    "packages/kfx-ktor-server-runtime": {
      "version": "0.0.0-unspecified",
      "devDependencies": {}
    },
    "packages/kfx-ktor-server-runtime-test": {
      "version": "0.0.0-unspecified",
      "devDependencies": {}
    },
    "packages/kfx-ktor-server-soap-plugin": {
      "version": "0.0.0-unspecified",
      "devDependencies": {}
    },
    "packages/kfx-ktor-server-soap-plugin-test": {
      "version": "0.0.0-unspecified",
      "devDependencies": {}
    },
    "packages/kfx-oauth2-runtime": {
      "version": "0.0.0-unspecified",
      "devDependencies": {}
    },
    "packages/kfx-oauth2-runtime-test": {
      "version": "0.0.0-unspecified",
      "devDependencies": {}
    },
    "packages/kfx-soap-runtime": {
      "version": "0.0.0-unspecified",
      "dependencies": {
        "@js-joda/core": "3.2.0",
        "format-util": "^1.0.5"
      },
      "devDependencies": {}
    },
    "packages/kfx-soap-runtime-test": {
      "version": "0.0.0-unspecified",
      "dependencies": {
        "@js-joda/core": "3.2.0",
        "format-util": "^1.0.5"
      },
      "devDependencies": {}
    }
  }
}
